// !$*UTF8*$!
{
	archiveVersion = 1;
	classes = {
	};
	objectVersion = 46;
	objects = {

/* Begin PBXBuildFile section */
		58B085341CEC557C003D9E8D /* AppDelegate.swift in Sources */ = {isa = PBXBuildFile; fileRef = 58B085331CEC557C003D9E8D /* AppDelegate.swift */; };
		58B085361CEC557C003D9E8D /* ViewController.swift in Sources */ = {isa = PBXBuildFile; fileRef = 58B085351CEC557C003D9E8D /* ViewController.swift */; };
		58B085391CEC557C003D9E8D /* Main.storyboard in Resources */ = {isa = PBXBuildFile; fileRef = 58B085371CEC557C003D9E8D /* Main.storyboard */; };
		58B0853B1CEC557C003D9E8D /* Assets.xcassets in Resources */ = {isa = PBXBuildFile; fileRef = 58B0853A1CEC557C003D9E8D /* Assets.xcassets */; };
		58B0853E1CEC557C003D9E8D /* LaunchScreen.storyboard in Resources */ = {isa = PBXBuildFile; fileRef = 58B0853C1CEC557C003D9E8D /* LaunchScreen.storyboard */; };
		58B085491CEC557C003D9E8D /* GitExampleTests.swift in Sources */ = {isa = PBXBuildFile; fileRef = 58B085481CEC557C003D9E8D /* GitExampleTests.swift */; };
		58B085541CEC557C003D9E8D /* GitExampleUITests.swift in Sources */ = {isa = PBXBuildFile; fileRef = 58B085531CEC557C003D9E8D /* GitExampleUITests.swift */; };
/* End PBXBuildFile section */

/* Begin PBXContainerItemProxy section */
		58B085451CEC557C003D9E8D /* PBXContainerItemProxy */ = {
			isa = PBXContainerItemProxy;
			containerPortal = 58B085281CEC557C003D9E8D /* Project object */;
			proxyType = 1;
			remoteGlobalIDString = 58B0852F1CEC557C003D9E8D;
			remoteInfo = GitExample;
		};
		58B085501CEC557C003D9E8D /* PBXContainerItemProxy */ = {
			isa = PBXContainerItemProxy;
			containerPortal = 58B085281CEC557C003D9E8D /* Project object */;
			proxyType = 1;
			remoteGlobalIDString = 58B0852F1CEC557C003D9E8D;
			remoteInfo = GitExample;
		};
/* End PBXContainerItemProxy section */

/* Begin PBXFileReference section */
		58B085301CEC557C003D9E8D /* GitExample.app */ = {isa = PBXFileReference; explicitFileType = wrapper.application; includeInIndex = 0; path = GitExample.app; sourceTree = BUILT_PRODUCTS_DIR; };
		58B085331CEC557C003D9E8D /* AppDelegate.swift */ = {isa = PBXFileReference; lastKnownFileType = sourcecode.swift; path = AppDelegate.swift; sourceTree = "<group>"; };
		58B085351CEC557C003D9E8D /* ViewController.swift */ = {isa = PBXFileReference; lastKnownFileType = sourcecode.swift; path = ViewController.swift; sourceTree = "<group>"; };
		58B085381CEC557C003D9E8D /* Base */ = {isa = PBXFileReference; lastKnownFileType = file.storyboard; name = Base; path = Base.lproj/Main.storyboard; sourceTree = "<group>"; };
		58B0853A1CEC557C003D9E8D /* Assets.xcassets */ = {isa = PBXFileReference; lastKnownFileType = folder.assetcatalog; path = Assets.xcassets; sourceTree = "<group>"; };
		58B0853D1CEC557C003D9E8D /* Base */ = {isa = PBXFileReference; lastKnownFileType = file.storyboard; name = Base; path = Base.lproj/LaunchScreen.storyboard; sourceTree = "<group>"; };
		58B0853F1CEC557C003D9E8D /* Info.plist */ = {isa = PBXFileReference; lastKnownFileType = text.plist.xml; path = Info.plist; sourceTree = "<group>"; };
		58B085441CEC557C003D9E8D /* GitExampleTests.xctest */ = {isa = PBXFileReference; explicitFileType = wrapper.cfbundle; includeInIndex = 0; path = GitExampleTests.xctest; sourceTree = BUILT_PRODUCTS_DIR; };
		58B085481CEC557C003D9E8D /* GitExampleTests.swift */ = {isa = PBXFileReference; lastKnownFileType = sourcecode.swift; path = GitExampleTests.swift; sourceTree = "<group>"; };
		58B0854A1CEC557C003D9E8D /* Info.plist */ = {isa = PBXFileReference; lastKnownFileType = text.plist.xml; path = Info.plist; sourceTree = "<group>"; };
		58B0854F1CEC557C003D9E8D /* GitExampleUITests.xctest */ = {isa = PBXFileReference; explicitFileType = wrapper.cfbundle; includeInIndex = 0; path = GitExampleUITests.xctest; sourceTree = BUILT_PRODUCTS_DIR; };
		58B085531CEC557C003D9E8D /* GitExampleUITests.swift */ = {isa = PBXFileReference; lastKnownFileType = sourcecode.swift; path = GitExampleUITests.swift; sourceTree = "<group>"; };
		58B085551CEC557C003D9E8D /* Info.plist */ = {isa = PBXFileReference; lastKnownFileType = text.plist.xml; path = Info.plist; sourceTree = "<group>"; };
/* End PBXFileReference section */

/* Begin PBXFrameworksBuildPhase section */
		58B0852D1CEC557C003D9E8D /* Frameworks */ = {
			isa = PBXFrameworksBuildPhase;
			buildActionMask = 2147483647;
			files = (
			);
			runOnlyForDeploymentPostprocessing = 0;
		};
		58B085411CEC557C003D9E8D /* Frameworks */ = {
			isa = PBXFrameworksBuildPhase;
			buildActionMask = 2147483647;
			files = (
			);
			runOnlyForDeploymentPostprocessing = 0;
		};
		58B0854C1CEC557C003D9E8D /* Frameworks */ = {
			isa = PBXFrameworksBuildPhase;
			buildActionMask = 2147483647;
			files = (
			);
			runOnlyForDeploymentPostprocessing = 0;
		};
/* End PBXFrameworksBuildPhase section */

/* Begin PBXGroup section */
		58B085271CEC557C003D9E8D = {
			isa = PBXGroup;
			children = (
				58B085321CEC557C003D9E8D /* GitExample */,
				58B085471CEC557C003D9E8D /* GitExampleTests */,
				58B085521CEC557C003D9E8D /* GitExampleUITests */,
				58B085311CEC557C003D9E8D /* Products */,
			);
			sourceTree = "<group>";
		};
		58B085311CEC557C003D9E8D /* Products */ = {
			isa = PBXGroup;
			children = (
				58B085301CEC557C003D9E8D /* GitExample.app */,
				58B085441CEC557C003D9E8D /* GitExampleTests.xctest */,
				58B0854F1CEC557C003D9E8D /* GitExampleUITests.xctest */,
			);
			name = Products;
			sourceTree = "<group>";
		};
		58B085321CEC557C003D9E8D /* GitExample */ = {
			isa = PBXGroup;
			children = (
				58B085331CEC557C003D9E8D /* AppDelegate.swift */,
				58B085351CEC557C003D9E8D /* ViewController.swift */,
				58B085371CEC557C003D9E8D /* Main.storyboard */,
				58B0853A1CEC557C003D9E8D /* Assets.xcassets */,
				58B0853C1CEC557C003D9E8D /* LaunchScreen.storyboard */,
				58B0853F1CEC557C003D9E8D /* Info.plist */,
			);
			path = GitExample;
			sourceTree = "<group>";
		};
		58B085471CEC557C003D9E8D /* GitExampleTests */ = {
			isa = PBXGroup;
			children = (
				58B085481CEC557C003D9E8D /* GitExampleTests.swift */,
				58B0854A1CEC557C003D9E8D /* Info.plist */,
			);
			path = GitExampleTests;
			sourceTree = "<group>";
		};
		58B085521CEC557C003D9E8D /* GitExampleUITests */ = {
			isa = PBXGroup;
			children = (
				58B085531CEC557C003D9E8D /* GitExampleUITests.swift */,
				58B085551CEC557C003D9E8D /* Info.plist */,
			);
			path = GitExampleUITests;
			sourceTree = "<group>";
		};
/* End PBXGroup section */

/* Begin PBXNativeTarget section */
		58B0852F1CEC557C003D9E8D /* GitExample */ = {
			isa = PBXNativeTarget;
			buildConfigurationList = 58B085581CEC557C003D9E8D /* Build configuration list for PBXNativeTarget "GitExample" */;
			buildPhases = (
				58B0852C1CEC557C003D9E8D /* Sources */,
				58B0852D1CEC557C003D9E8D /* Frameworks */,
				58B0852E1CEC557C003D9E8D /* Resources */,
			);
			buildRules = (
			);
			dependencies = (
			);
			name = GitExample;
			productName = GitExample;
			productReference = 58B085301CEC557C003D9E8D /* GitExample.app */;
			productType = "com.apple.product-type.application";
		};
		58B085431CEC557C003D9E8D /* GitExampleTests */ = {
			isa = PBXNativeTarget;
			buildConfigurationList = 58B0855B1CEC557C003D9E8D /* Build configuration list for PBXNativeTarget "GitExampleTests" */;
			buildPhases = (
				58B085401CEC557C003D9E8D /* Sources */,
				58B085411CEC557C003D9E8D /* Frameworks */,
				58B085421CEC557C003D9E8D /* Resources */,
			);
			buildRules = (
			);
			dependencies = (
				58B085461CEC557C003D9E8D /* PBXTargetDependency */,
			);
			name = GitExampleTests;
			productName = GitExampleTests;
			productReference = 58B085441CEC557C003D9E8D /* GitExampleTests.xctest */;
			productType = "com.apple.product-type.bundle.unit-test";
		};
		58B0854E1CEC557C003D9E8D /* GitExampleUITests */ = {
			isa = PBXNativeTarget;
			buildConfigurationList = 58B0855E1CEC557C003D9E8D /* Build configuration list for PBXNativeTarget "GitExampleUITests" */;
			buildPhases = (
				58B0854B1CEC557C003D9E8D /* Sources */,
				58B0854C1CEC557C003D9E8D /* Frameworks */,
				58B0854D1CEC557C003D9E8D /* Resources */,
			);
			buildRules = (
			);
			dependencies = (
				58B085511CEC557C003D9E8D /* PBXTargetDependency */,
			);
			name = GitExampleUITests;
			productName = GitExampleUITests;
			productReference = 58B0854F1CEC557C003D9E8D /* GitExampleUITests.xctest */;
			productType = "com.apple.product-type.bundle.ui-testing";
		};
/* End PBXNativeTarget section */

/* Begin PBXProject section */
		58B085281CEC557C003D9E8D /* Project object */ = {
			isa = PBXProject;
			attributes = {
				LastSwiftUpdateCheck = 0730;
				LastUpgradeCheck = 0730;
				ORGANIZATIONNAME = Cheng;
				TargetAttributes = {
					58B0852F1CEC557C003D9E8D = {
						CreatedOnToolsVersion = 7.3.1;
					};
					58B085431CEC557C003D9E8D = {
						CreatedOnToolsVersion = 7.3.1;
						TestTargetID = 58B0852F1CEC557C003D9E8D;
					};
					58B0854E1CEC557C003D9E8D = {
						CreatedOnToolsVersion = 7.3.1;
						TestTargetID = 58B0852F1CEC557C003D9E8D;
					};
				};
			};
			buildConfigurationList = 58B0852B1CEC557C003D9E8D /* Build configuration list for PBXProject "GitExample" */;
			compatibilityVersion = "Xcode 3.2";
			developmentRegion = English;
			hasScannedForEncodings = 0;
			knownRegions = (
				en,
				Base,
			);
			mainGroup = 58B085271CEC557C003D9E8D;
			productRefGroup = 58B085311CEC557C003D9E8D /* Products */;
			projectDirPath = "";
			projectRoot = "";
			targets = (
				58B0852F1CEC557C003D9E8D /* GitExample */,
				58B085431CEC557C003D9E8D /* GitExampleTests */,
				58B0854E1CEC557C003D9E8D /* GitExampleUITests */,
			);
		};
/* End PBXProject section */

/* Begin PBXResourcesBuildPhase section */
		58B0852E1CEC557C003D9E8D /* Resources */ = {
			isa = PBXResourcesBuildPhase;
			buildActionMask = 2147483647;
			files = (
				58B0853E1CEC557C003D9E8D /* LaunchScreen.storyboard in Resources */,
				58B0853B1CEC557C003D9E8D /* Assets.xcassets in Resources */,
				58B085391CEC557C003D9E8D /* Main.storyboard in Resources */,
			);
			runOnlyForDeploymentPostprocessing = 0;
		};
		58B085421CEC557C003D9E8D /* Resources */ = {
			isa = PBXResourcesBuildPhase;
			buildActionMask = 2147483647;
			files = (
			);
			runOnlyForDeploymentPostprocessing = 0;
		};
		58B0854D1CEC557C003D9E8D /* Resources */ = {
			isa = PBXResourcesBuildPhase;
			buildActionMask = 2147483647;
			files = (
			);
			runOnlyForDeploymentPostprocessing = 0;
		};
/* End PBXResourcesBuildPhase section */

/* Begin PBXSourcesBuildPhase section */
		58B0852C1CEC557C003D9E8D /* Sources */ = {
			isa = PBXSourcesBuildPhase;
			buildActionMask = 2147483647;
			files = (
				58B085361CEC557C003D9E8D /* ViewController.swift in Sources */,
				58B085341CEC557C003D9E8D /* AppDelegate.swift in Sources */,
			);
			runOnlyForDeploymentPostprocessing = 0;
		};
		58B085401CEC557C003D9E8D /* Sources */ = {
			isa = PBXSourcesBuildPhase;
			buildActionMask = 2147483647;
			files = (
				58B085491CEC557C003D9E8D /* GitExampleTests.swift in Sources */,
			);
			runOnlyForDeploymentPostprocessing = 0;
		};
		58B0854B1CEC557C003D9E8D /* Sources */ = {
			isa = PBXSourcesBuildPhase;
			buildActionMask = 2147483647;
			files = (
				58B085541CEC557C003D9E8D /* GitExampleUITests.swift in Sources */,
			);
			runOnlyForDeploymentPostprocessing = 0;
		};
/* End PBXSourcesBuildPhase section */

/* Begin PBXTargetDependency section */
		58B085461CEC557C003D9E8D /* PBXTargetDependency */ = {
			isa = PBXTargetDependency;
			target = 58B0852F1CEC557C003D9E8D /* GitExample */;
			targetProxy = 58B085451CEC557C003D9E8D /* PBXContainerItemProxy */;
		};
		58B085511CEC557C003D9E8D /* PBXTargetDependency */ = {
			isa = PBXTargetDependency;
			target = 58B0852F1CEC557C003D9E8D /* GitExample */;
			targetProxy = 58B085501CEC557C003D9E8D /* PBXContainerItemProxy */;
		};
/* End PBXTargetDependency section */

/* Begin PBXVariantGroup section */
		58B085371CEC557C003D9E8D /* Main.storyboard */ = {
			isa = PBXVariantGroup;
			children = (
				58B085381CEC557C003D9E8D /* Base */,
			);
			name = Main.storyboard;
			sourceTree = "<group>";
		};
		58B0853C1CEC557C003D9E8D /* LaunchScreen.storyboard */ = {
			isa = PBXVariantGroup;
			children = (
				58B0853D1CEC557C003D9E8D /* Base */,
			);
			name = LaunchScreen.storyboard;
			sourceTree = "<group>";
		};
/* End PBXVariantGroup section */

/* Begin XCBuildConfiguration section */
		58B085561CEC557C003D9E8D /* Debug */ = {
			isa = XCBuildConfiguration;
			buildSettings = {
				ALWAYS_SEARCH_USER_PATHS = NO;
				CLANG_ANALYZER_NONNULL = YES;
				CLANG_CXX_LANGUAGE_STANDARD = "gnu++0x";
				CLANG_CXX_LIBRARY = "libc++";
				CLANG_ENABLE_MODULES = YES;
				CLANG_ENABLE_OBJC_ARC = YES;
				CLANG_WARN_BOOL_CONVERSION = YES;
				CLANG_WARN_CONSTANT_CONVERSION = YES;
				CLANG_WARN_DIRECT_OBJC_ISA_USAGE = YES_ERROR;
				CLANG_WARN_EMPTY_BODY = YES;
				CLANG_WARN_ENUM_CONVERSION = YES;
				CLANG_WARN_INT_CONVERSION = YES;
				CLANG_WARN_OBJC_ROOT_CLASS = YES_ERROR;
				CLANG_WARN_UNREACHABLE_CODE = YES;
				CLANG_WARN__DUPLICATE_METHOD_MATCH = YES;
				"CODE_SIGN_IDENTITY[sdk=iphoneos*]" = "iPhone Developer";
				COPY_PHASE_STRIP = NO;
				DEBUG_INFORMATION_FORMAT = dwarf;
				ENABLE_STRICT_OBJC_MSGSEND = YES;
				ENABLE_TESTABILITY = YES;
				GCC_C_LANGUAGE_STANDARD = gnu99;
				GCC_DYNAMIC_NO_PIC = NO;
				GCC_NO_COMMON_BLOCKS = YES;
				GCC_OPTIMIZATION_LEVEL = 0;
				GCC_PREPROCESSOR_DEFINITIONS = (
					"DEBUG=1",
					"$(inherited)",
				);
				GCC_WARN_64_TO_32_BIT_CONVERSION = YES;
				GCC_WARN_ABOUT_RETURN_TYPE = YES_ERROR;
				GCC_WARN_UNDECLARED_SELECTOR = YES;
				GCC_WARN_UNINITIALIZED_AUTOS = YES_AGGRESSIVE;
				GCC_WARN_UNUSED_FUNCTION = YES;
				GCC_WARN_UNUSED_VARIABLE = YES;
				IPHONEOS_DEPLOYMENT_TARGET = 9.3;
				MTL_ENABLE_DEBUG_INFO = YES;
				ONLY_ACTIVE_ARCH = YES;
				SDKROOT = iphoneos;
				SWIFT_OPTIMIZATION_LEVEL = "-Onone";
			};
			name = Debug;
		};
		58B085571CEC557C003D9E8D /* Release */ = {
			isa = XCBuildConfiguration;
			buildSettings = {
				ALWAYS_SEARCH_USER_PATHS = NO;
				CLANG_ANALYZER_NONNULL = YES;
				CLANG_CXX_LANGUAGE_STANDARD = "gnu++0x";
				CLANG_CXX_LIBRARY = "libc++";
				CLANG_ENABLE_MODULES = YES;
				CLANG_ENABLE_OBJC_ARC = YES;
				CLANG_WARN_BOOL_CONVERSION = YES;
				CLANG_WARN_CONSTANT_CONVERSION = YES;
				CLANG_WARN_DIRECT_OBJC_ISA_USAGE = YES_ERROR;
				CLANG_WARN_EMPTY_BODY = YES;
				CLANG_WARN_ENUM_CONVERSION = YES;
				CLANG_WARN_INT_CONVERSION = YES;
				CLANG_WARN_OBJC_ROOT_CLASS = YES_ERROR;
				CLANG_WARN_UNREACHABLE_CODE = YES;
				CLANG_WARN__DUPLICATE_METHOD_MATCH = YES;
				"CODE_SIGN_IDENTITY[sdk=iphoneos*]" = "iPhone Developer";
				COPY_PHASE_STRIP = NO;
				DEBUG_INFORMATION_FORMAT = "dwarf-with-dsym";
				ENABLE_NS_ASSERTIONS = NO;
				ENABLE_STRICT_OBJC_MSGSEND = YES;
				GCC_C_LANGUAGE_STANDARD = gnu99;
				GCC_NO_COMMON_BLOCKS = YES;
				GCC_WARN_64_TO_32_BIT_CONVERSION = YES;
				GCC_WARN_ABOUT_RETURN_TYPE = YES_ERROR;
				GCC_WARN_UNDECLARED_SELECTOR = YES;
				GCC_WARN_UNINITIALIZED_AUTOS = YES_AGGRESSIVE;
				GCC_WARN_UNUSED_FUNCTION = YES;
				GCC_WARN_UNUSED_VARIABLE = YES;
				IPHONEOS_DEPLOYMENT_TARGET = 9.3;
				MTL_ENABLE_DEBUG_INFO = NO;
				SDKROOT = iphoneos;
				VALIDATE_PRODUCT = YES;
			};
			name = Release;
		};
		58B085591CEC557C003D9E8D /* Debug */ = {
			isa = XCBuildConfiguration;
			buildSettings = {
				ASSETCATALOG_COMPILER_APPICON_NAME = AppIcon;
				INFOPLIST_FILE = GitExample/Info.plist;
				LD_RUNPATH_SEARCH_PATHS = "$(inherited) @executable_path/Frameworks";
				PRODUCT_BUNDLE_IDENTIFIER = edu.self.GitExample;
				PRODUCT_NAME = "$(TARGET_NAME)";
			};
			name = Debug;
		};
		58B0855A1CEC557C003D9E8D /* Release */ = {
			isa = XCBuildConfiguration;
			buildSettings = {
				ASSETCATALOG_COMPILER_APPICON_NAME = AppIcon;
				INFOPLIST_FILE = GitExample/Info.plist;
				LD_RUNPATH_SEARCH_PATHS = "$(inherited) @executable_path/Frameworks";
				PRODUCT_BUNDLE_IDENTIFIER = edu.self.GitExample;
				PRODUCT_NAME = "$(TARGET_NAME)";
			};
			name = Release;
		};
		58B0855C1CEC557C003D9E8D /* Debug */ = {
			isa = XCBuildConfiguration;
			buildSettings = {
				BUNDLE_LOADER = "$(TEST_HOST)";
				INFOPLIST_FILE = GitExampleTests/Info.plist;
				LD_RUNPATH_SEARCH_PATHS = "$(inherited) @executable_path/Frameworks @loader_path/Frameworks";
				PRODUCT_BUNDLE_IDENTIFIER = edu.self.GitExampleTests;
				PRODUCT_NAME = "$(TARGET_NAME)";
				TEST_HOST = "$(BUILT_PRODUCTS_DIR)/GitExample.app/GitExample";
			};
			name = Debug;
		};
		58B0855D1CEC557C003D9E8D /* Release */ = {
			isa = XCBuildConfiguration;
			buildSettings = {
				BUNDLE_LOADER = "$(TEST_HOST)";
				INFOPLIST_FILE = GitExampleTests/Info.plist;
				LD_RUNPATH_SEARCH_PATHS = "$(inherited) @executable_path/Frameworks @loader_path/Frameworks";
				PRODUCT_BUNDLE_IDENTIFIER = edu.self.GitExampleTests;
				PRODUCT_NAME = "$(TARGET_NAME)";
				TEST_HOST = "$(BUILT_PRODUCTS_DIR)/GitExample.app/GitExample";
			};
			name = Release;
		};
		58B0855F1CEC557C003D9E8D /* Debug */ = {
			isa = XCBuildConfiguration;
			buildSettings = {
				INFOPLIST_FILE = GitExampleUITests/Info.plist;
				LD_RUNPATH_SEARCH_PATHS = "$(inherited) @executable_path/Frameworks @loader_path/Frameworks";
				PRODUCT_BUNDLE_IDENTIFIER = edu.self.GitExampleUITests;
				PRODUCT_NAME = "$(TARGET_NAME)";
				TEST_TARGET_NAME = GitExample;
			};
			name = Debug;
		};
		58B085601CEC557C003D9E8D /* Release */ = {
			isa = XCBuildConfiguration;
			buildSettings = {
				INFOPLIST_FILE = GitExampleUITests/Info.plist;
				LD_RUNPATH_SEARCH_PATHS = "$(inherited) @executable_path/Frameworks @loader_path/Frameworks";
				PRODUCT_BUNDLE_IDENTIFIER = edu.self.GitExampleUITests;
				PRODUCT_NAME = "$(TARGET_NAME)";
				TEST_TARGET_NAME = GitExample;
			};
			name = Release;
		};
/* End XCBuildConfiguration section */

/* Begin XCConfigurationList section */
		58B0852B1CEC557C003D9E8D /* Build configuration list for PBXProject "GitExample" */ = {
			isa = XCConfigurationList;
			buildConfigurations = (
				58B085561CEC557C003D9E8D /* Debug */,
				58B085571CEC557C003D9E8D /* Release */,
			);
			defaultConfigurationIsVisible = 0;
			defaultConfigurationName = Release;
		};
		58B085581CEC557C003D9E8D /* Build configuration list for PBXNativeTarget "GitExample" */ = {
			isa = XCConfigurationList;
			buildConfigurations = (
				58B085591CEC557C003D9E8D /* Debug */,
				58B0855A1CEC557C003D9E8D /* Release */,
			);
			defaultConfigurationIsVisible = 0;
		};
		58B0855B1CEC557C003D9E8D /* Build configuration list for PBXNativeTarget "GitExampleTests" */ = {
			isa = XCConfigurationList;
			buildConfigurations = (
				58B0855C1CEC557C003D9E8D /* Debug */,
				58B0855D1CEC557C003D9E8D /* Release */,
			);
			defaultConfigurationIsVisible = 0;
		};
		58B0855E1CEC557C003D9E8D /* Build configuration list for PBXNativeTarget "GitExampleUITests" */ = {
			isa = XCConfigurationList;
			buildConfigurations = (
				58B0855F1CEC557C003D9E8D /* Debug */,
				58B085601CEC557C003D9E8D /* Release */,
			);
			defaultConfigurationIsVisible = 0;
		};
/* End XCConfigurationList section */
	};
	rootObject = 58B085281CEC557C003D9E8D /* Project object */;
}
